// !$*UTF8*$!
{
	archiveVersion = 1;
	classes = {
	};
	objectVersion = 56;
	objects = {

/* Begin PBXBuildFile section */
		5CF2D9BF29696A5A00B2D37A /* AppDelegate.swift in Sources */ = {isa = PBXBuildFile; fileRef = 5CF2D9BE29696A5A00B2D37A /* AppDelegate.swift */; };
		5CF2D9C129696A5A00B2D37A /* SceneDelegate.swift in Sources */ = {isa = PBXBuildFile; fileRef = 5CF2D9C029696A5A00B2D37A /* SceneDelegate.swift */; };
		5CF2D9C329696A5A00B2D37A /* ViewController.swift in Sources */ = {isa = PBXBuildFile; fileRef = 5CF2D9C229696A5A00B2D37A /* ViewController.swift */; };
		5CF2D9C629696A5A00B2D37A /* Main.storyboard in Resources */ = {isa = PBXBuildFile; fileRef = 5CF2D9C429696A5A00B2D37A /* Main.storyboard */; };
		5CF2D9C829696A5B00B2D37A /* Assets.xcassets in Resources */ = {isa = PBXBuildFile; fileRef = 5CF2D9C729696A5B00B2D37A /* Assets.xcassets */; };
		5CF2D9CB29696A5B00B2D37A /* LaunchScreen.storyboard in Resources */ = {isa = PBXBuildFile; fileRef = 5CF2D9C929696A5B00B2D37A /* LaunchScreen.storyboard */; };
		5CF2D9D629696A5B00B2D37A /* myDiecePlayGameTests.swift in Sources */ = {isa = PBXBuildFile; fileRef = 5CF2D9D529696A5B00B2D37A /* myDiecePlayGameTests.swift */; };
		5CF2D9E029696A5B00B2D37A /* myDiecePlayGameUITests.swift in Sources */ = {isa = PBXBuildFile; fileRef = 5CF2D9DF29696A5B00B2D37A /* myDiecePlayGameUITests.swift */; };
		5CF2D9E229696A5B00B2D37A /* myDiecePlayGameUITestsLaunchTests.swift in Sources */ = {isa = PBXBuildFile; fileRef = 5CF2D9E129696A5B00B2D37A /* myDiecePlayGameUITestsLaunchTests.swift */; };
/* End PBXBuildFile section */

/* Begin PBXContainerItemProxy section */
		5CF2D9D229696A5B00B2D37A /* PBXContainerItemProxy */ = {
			isa = PBXContainerItemProxy;
			containerPortal = 5CF2D9B329696A5A00B2D37A /* Project object */;
			proxyType = 1;
			remoteGlobalIDString = 5CF2D9BA29696A5A00B2D37A;
			remoteInfo = myDiecePlayGame;
		};
		5CF2D9DC29696A5B00B2D37A /* PBXContainerItemProxy */ = {
			isa = PBXContainerItemProxy;
			containerPortal = 5CF2D9B329696A5A00B2D37A /* Project object */;
			proxyType = 1;
			remoteGlobalIDString = 5CF2D9BA29696A5A00B2D37A;
			remoteInfo = myDiecePlayGame;
		};
/* End PBXContainerItemProxy section */

/* Begin PBXFileReference section */
		5CF2D9BB29696A5A00B2D37A /* myDiecePlayGame.app */ = {isa = PBXFileReference; explicitFileType = wrapper.application; includeInIndex = 0; path = myDiecePlayGame.app; sourceTree = BUILT_PRODUCTS_DIR; };
		5CF2D9BE29696A5A00B2D37A /* AppDelegate.swift */ = {isa = PBXFileReference; lastKnownFileType = sourcecode.swift; path = AppDelegate.swift; sourceTree = "<group>"; };
		5CF2D9C029696A5A00B2D37A /* SceneDelegate.swift */ = {isa = PBXFileReference; lastKnownFileType = sourcecode.swift; path = SceneDelegate.swift; sourceTree = "<group>"; };
		5CF2D9C229696A5A00B2D37A /* ViewController.swift */ = {isa = PBXFileReference; lastKnownFileType = sourcecode.swift; path = ViewController.swift; sourceTree = "<group>"; };
		5CF2D9C529696A5A00B2D37A /* Base */ = {isa = PBXFileReference; lastKnownFileType = file.storyboard; name = Base; path = Base.lproj/Main.storyboard; sourceTree = "<group>"; };
		5CF2D9C729696A5B00B2D37A /* Assets.xcassets */ = {isa = PBXFileReference; lastKnownFileType = folder.assetcatalog; path = Assets.xcassets; sourceTree = "<group>"; };
		5CF2D9CA29696A5B00B2D37A /* Base */ = {isa = PBXFileReference; lastKnownFileType = file.storyboard; name = Base; path = Base.lproj/LaunchScreen.storyboard; sourceTree = "<group>"; };
		5CF2D9CC29696A5B00B2D37A /* Info.plist */ = {isa = PBXFileReference; lastKnownFileType = text.plist.xml; path = Info.plist; sourceTree = "<group>"; };
		5CF2D9D129696A5B00B2D37A /* myDiecePlayGameTests.xctest */ = {isa = PBXFileReference; explicitFileType = wrapper.cfbundle; includeInIndex = 0; path = myDiecePlayGameTests.xctest; sourceTree = BUILT_PRODUCTS_DIR; };
		5CF2D9D529696A5B00B2D37A /* myDiecePlayGameTests.swift */ = {isa = PBXFileReference; lastKnownFileType = sourcecode.swift; path = myDiecePlayGameTests.swift; sourceTree = "<group>"; };
		5CF2D9DB29696A5B00B2D37A /* myDiecePlayGameUITests.xctest */ = {isa = PBXFileReference; explicitFileType = wrapper.cfbundle; includeInIndex = 0; path = myDiecePlayGameUITests.xctest; sourceTree = BUILT_PRODUCTS_DIR; };
		5CF2D9DF29696A5B00B2D37A /* myDiecePlayGameUITests.swift */ = {isa = PBXFileReference; lastKnownFileType = sourcecode.swift; path = myDiecePlayGameUITests.swift; sourceTree = "<group>"; };
		5CF2D9E129696A5B00B2D37A /* myDiecePlayGameUITestsLaunchTests.swift */ = {isa = PBXFileReference; lastKnownFileType = sourcecode.swift; path = myDiecePlayGameUITestsLaunchTests.swift; sourceTree = "<group>"; };
/* End PBXFileReference section */

/* Begin PBXFrameworksBuildPhase section */
		5CF2D9B829696A5A00B2D37A /* Frameworks */ = {
			isa = PBXFrameworksBuildPhase;
			buildActionMask = 2147483647;
			files = (
			);
			runOnlyForDeploymentPostprocessing = 0;
		};
		5CF2D9CE29696A5B00B2D37A /* Frameworks */ = {
			isa = PBXFrameworksBuildPhase;
			buildActionMask = 2147483647;
			files = (
			);
			runOnlyForDeploymentPostprocessing = 0;
		};
		5CF2D9D829696A5B00B2D37A /* Frameworks */ = {
			isa = PBXFrameworksBuildPhase;
			buildActionMask = 2147483647;
			files = (
			);
			runOnlyForDeploymentPostprocessing = 0;
		};
/* End PBXFrameworksBuildPhase section */

/* Begin PBXGroup section */
		5CF2D9B229696A5A00B2D37A = {
			isa = PBXGroup;
			children = (
				5CF2D9BD29696A5A00B2D37A /* myDiecePlayGame */,
				5CF2D9D429696A5B00B2D37A /* myDiecePlayGameTests */,
				5CF2D9DE29696A5B00B2D37A /* myDiecePlayGameUITests */,
				5CF2D9BC29696A5A00B2D37A /* Products */,
			);
			sourceTree = "<group>";
		};
		5CF2D9BC29696A5A00B2D37A /* Products */ = {
			isa = PBXGroup;
			children = (
				5CF2D9BB29696A5A00B2D37A /* myDiecePlayGame.app */,
				5CF2D9D129696A5B00B2D37A /* myDiecePlayGameTests.xctest */,
				5CF2D9DB29696A5B00B2D37A /* myDiecePlayGameUITests.xctest */,
			);
			name = Products;
			sourceTree = "<group>";
		};
		5CF2D9BD29696A5A00B2D37A /* myDiecePlayGame */ = {
			isa = PBXGroup;
			children = (
				5CF2D9BE29696A5A00B2D37A /* AppDelegate.swift */,
				5CF2D9C029696A5A00B2D37A /* SceneDelegate.swift */,
				5CF2D9C229696A5A00B2D37A /* ViewController.swift */,
				5CF2D9C429696A5A00B2D37A /* Main.storyboard */,
				5CF2D9C729696A5B00B2D37A /* Assets.xcassets */,
				5CF2D9C929696A5B00B2D37A /* LaunchScreen.storyboard */,
				5CF2D9CC29696A5B00B2D37A /* Info.plist */,
			);
			path = myDiecePlayGame;
			sourceTree = "<group>";
		};
		5CF2D9D429696A5B00B2D37A /* myDiecePlayGameTests */ = {
			isa = PBXGroup;
			children = (
				5CF2D9D529696A5B00B2D37A /* myDiecePlayGameTests.swift */,
			);
			path = myDiecePlayGameTests;
			sourceTree = "<group>";
		};
		5CF2D9DE29696A5B00B2D37A /* myDiecePlayGameUITests */ = {
			isa = PBXGroup;
			children = (
				5CF2D9DF29696A5B00B2D37A /* myDiecePlayGameUITests.swift */,
				5CF2D9E129696A5B00B2D37A /* myDiecePlayGameUITestsLaunchTests.swift */,
			);
			path = myDiecePlayGameUITests;
			sourceTree = "<group>";
		};
/* End PBXGroup section */

/* Begin PBXNativeTarget section */
		5CF2D9BA29696A5A00B2D37A /* myDiecePlayGame */ = {
			isa = PBXNativeTarget;
			buildConfigurationList = 5CF2D9E529696A5B00B2D37A /* Build configuration list for PBXNativeTarget "myDiecePlayGame" */;
			buildPhases = (
				5CF2D9B729696A5A00B2D37A /* Sources */,
				5CF2D9B829696A5A00B2D37A /* Frameworks */,
				5CF2D9B929696A5A00B2D37A /* Resources */,
			);
			buildRules = (
			);
			dependencies = (
			);
			name = myDiecePlayGame;
			productName = myDiecePlayGame;
			productReference = 5CF2D9BB29696A5A00B2D37A /* myDiecePlayGame.app */;
			productType = "com.apple.product-type.application";
		};
		5CF2D9D029696A5B00B2D37A /* myDiecePlayGameTests */ = {
			isa = PBXNativeTarget;
			buildConfigurationList = 5CF2D9E829696A5B00B2D37A /* Build configuration list for PBXNativeTarget "myDiecePlayGameTests" */;
			buildPhases = (
				5CF2D9CD29696A5B00B2D37A /* Sources */,
				5CF2D9CE29696A5B00B2D37A /* Frameworks */,
				5CF2D9CF29696A5B00B2D37A /* Resources */,
			);
			buildRules = (
			);
			dependencies = (
				5CF2D9D329696A5B00B2D37A /* PBXTargetDependency */,
			);
			name = myDiecePlayGameTests;
			productName = myDiecePlayGameTests;
			productReference = 5CF2D9D129696A5B00B2D37A /* myDiecePlayGameTests.xctest */;
			productType = "com.apple.product-type.bundle.unit-test";
		};
		5CF2D9DA29696A5B00B2D37A /* myDiecePlayGameUITests */ = {
			isa = PBXNativeTarget;
			buildConfigurationList = 5CF2D9EB29696A5B00B2D37A /* Build configuration list for PBXNativeTarget "myDiecePlayGameUITests" */;
			buildPhases = (
				5CF2D9D729696A5B00B2D37A /* Sources */,
				5CF2D9D829696A5B00B2D37A /* Frameworks */,
				5CF2D9D929696A5B00B2D37A /* Resources */,
			);
			buildRules = (
			);
			dependencies = (
				5CF2D9DD29696A5B00B2D37A /* PBXTargetDependency */,
			);
			name = myDiecePlayGameUITests;
			productName = myDiecePlayGameUITests;
			productReference = 5CF2D9DB29696A5B00B2D37A /* myDiecePlayGameUITests.xctest */;
			productType = "com.apple.product-type.bundle.ui-testing";
		};
/* End PBXNativeTarget section */

/* Begin PBXProject section */
		5CF2D9B329696A5A00B2D37A /* Project object */ = {
			isa = PBXProject;
			attributes = {
				BuildIndependentTargetsInParallel = 1;
				LastSwiftUpdateCheck = 1420;
				LastUpgradeCheck = 1420;
				TargetAttributes = {
					5CF2D9BA29696A5A00B2D37A = {
						CreatedOnToolsVersion = 14.2;
					};
					5CF2D9D029696A5B00B2D37A = {
						CreatedOnToolsVersion = 14.2;
						TestTargetID = 5CF2D9BA29696A5A00B2D37A;
					};
					5CF2D9DA29696A5B00B2D37A = {
						CreatedOnToolsVersion = 14.2;
						TestTargetID = 5CF2D9BA29696A5A00B2D37A;
					};
				};
			};
			buildConfigurationList = 5CF2D9B629696A5A00B2D37A /* Build configuration list for PBXProject "myDiecePlayGame" */;
			compatibilityVersion = "Xcode 14.0";
			developmentRegion = en;
			hasScannedForEncodings = 0;
			knownRegions = (
				en,
				Base,
			);
			mainGroup = 5CF2D9B229696A5A00B2D37A;
			productRefGroup = 5CF2D9BC29696A5A00B2D37A /* Products */;
			projectDirPath = "";
			projectRoot = "";
			targets = (
				5CF2D9BA29696A5A00B2D37A /* myDiecePlayGame */,
				5CF2D9D029696A5B00B2D37A /* myDiecePlayGameTests */,
				5CF2D9DA29696A5B00B2D37A /* myDiecePlayGameUITests */,
			);
		};
/* End PBXProject section */

/* Begin PBXResourcesBuildPhase section */
		5CF2D9B929696A5A00B2D37A /* Resources */ = {
			isa = PBXResourcesBuildPhase;
			buildActionMask = 2147483647;
			files = (
				5CF2D9CB29696A5B00B2D37A /* LaunchScreen.storyboard in Resources */,
				5CF2D9C829696A5B00B2D37A /* Assets.xcassets in Resources */,
				5CF2D9C629696A5A00B2D37A /* Main.storyboard in Resources */,
			);
			runOnlyForDeploymentPostprocessing = 0;
		};
		5CF2D9CF29696A5B00B2D37A /* Resources */ = {
			isa = PBXResourcesBuildPhase;
			buildActionMask = 2147483647;
			files = (
			);
			runOnlyForDeploymentPostprocessing = 0;
		};
		5CF2D9D929696A5B00B2D37A /* Resources */ = {
			isa = PBXResourcesBuildPhase;
			buildActionMask = 2147483647;
			files = (
			);
			runOnlyForDeploymentPostprocessing = 0;
		};
/* End PBXResourcesBuildPhase section */

/* Begin PBXSourcesBuildPhase section */
		5CF2D9B729696A5A00B2D37A /* Sources */ = {
			isa = PBXSourcesBuildPhase;
			buildActionMask = 2147483647;
			files = (
				5CF2D9C329696A5A00B2D37A /* ViewController.swift in Sources */,
				5CF2D9BF29696A5A00B2D37A /* AppDelegate.swift in Sources */,
				5CF2D9C129696A5A00B2D37A /* SceneDelegate.swift in Sources */,
			);
			runOnlyForDeploymentPostprocessing = 0;
		};
		5CF2D9CD29696A5B00B2D37A /* Sources */ = {
			isa = PBXSourcesBuildPhase;
			buildActionMask = 2147483647;
			files = (
				5CF2D9D629696A5B00B2D37A /* myDiecePlayGameTests.swift in Sources */,
			);
			runOnlyForDeploymentPostprocessing = 0;
		};
		5CF2D9D729696A5B00B2D37A /* Sources */ = {
			isa = PBXSourcesBuildPhase;
			buildActionMask = 2147483647;
			files = (
				5CF2D9E029696A5B00B2D37A /* myDiecePlayGameUITests.swift in Sources */,
				5CF2D9E229696A5B00B2D37A /* myDiecePlayGameUITestsLaunchTests.swift in Sources */,
			);
			runOnlyForDeploymentPostprocessing = 0;
		};
/* End PBXSourcesBuildPhase section */

/* Begin PBXTargetDependency section */
		5CF2D9D329696A5B00B2D37A /* PBXTargetDependency */ = {
			isa = PBXTargetDependency;
			target = 5CF2D9BA29696A5A00B2D37A /* myDiecePlayGame */;
			targetProxy = 5CF2D9D229696A5B00B2D37A /* PBXContainerItemProxy */;
		};
		5CF2D9DD29696A5B00B2D37A /* PBXTargetDependency */ = {
			isa = PBXTargetDependency;
			target = 5CF2D9BA29696A5A00B2D37A /* myDiecePlayGame */;
			targetProxy = 5CF2D9DC29696A5B00B2D37A /* PBXContainerItemProxy */;
		};
/* End PBXTargetDependency section */

/* Begin PBXVariantGroup section */
		5CF2D9C429696A5A00B2D37A /* Main.storyboard */ = {
			isa = PBXVariantGroup;
			children = (
				5CF2D9C529696A5A00B2D37A /* Base */,
			);
			name = Main.storyboard;
			sourceTree = "<group>";
		};
		5CF2D9C929696A5B00B2D37A /* LaunchScreen.storyboard */ = {
			isa = PBXVariantGroup;
			children = (
				5CF2D9CA29696A5B00B2D37A /* Base */,
			);
			name = LaunchScreen.storyboard;
			sourceTree = "<group>";
		};
/* End PBXVariantGroup section */

/* Begin XCBuildConfiguration section */
		5CF2D9E329696A5B00B2D37A /* Debug */ = {
			isa = XCBuildConfiguration;
			buildSettings = {
				ALWAYS_SEARCH_USER_PATHS = NO;
				CLANG_ANALYZER_NONNULL = YES;
				CLANG_ANALYZER_NUMBER_OBJECT_CONVERSION = YES_AGGRESSIVE;
				CLANG_CXX_LANGUAGE_STANDARD = "gnu++20";
				CLANG_ENABLE_MODULES = YES;
				CLANG_ENABLE_OBJC_ARC = YES;
				CLANG_ENABLE_OBJC_WEAK = YES;
				CLANG_WARN_BLOCK_CAPTURE_AUTORELEASING = YES;
				CLANG_WARN_BOOL_CONVERSION = YES;
				CLANG_WARN_COMMA = YES;
				CLANG_WARN_CONSTANT_CONVERSION = YES;
				CLANG_WARN_DEPRECATED_OBJC_IMPLEMENTATIONS = YES;
				CLANG_WARN_DIRECT_OBJC_ISA_USAGE = YES_ERROR;
				CLANG_WARN_DOCUMENTATION_COMMENTS = YES;
				CLANG_WARN_EMPTY_BODY = YES;
				CLANG_WARN_ENUM_CONVERSION = YES;
				CLANG_WARN_INFINITE_RECURSION = YES;
				CLANG_WARN_INT_CONVERSION = YES;
				CLANG_WARN_NON_LITERAL_NULL_CONVERSION = YES;
				CLANG_WARN_OBJC_IMPLICIT_RETAIN_SELF = YES;
				CLANG_WARN_OBJC_LITERAL_CONVERSION = YES;
				CLANG_WARN_OBJC_ROOT_CLASS = YES_ERROR;
				CLANG_WARN_QUOTED_INCLUDE_IN_FRAMEWORK_HEADER = YES;
				CLANG_WARN_RANGE_LOOP_ANALYSIS = YES;
				CLANG_WARN_STRICT_PROTOTYPES = YES;
				CLANG_WARN_SUSPICIOUS_MOVE = YES;
				CLANG_WARN_UNGUARDED_AVAILABILITY = YES_AGGRESSIVE;
				CLANG_WARN_UNREACHABLE_CODE = YES;
				CLANG_WARN__DUPLICATE_METHOD_MATCH = YES;
				COPY_PHASE_STRIP = NO;
				DEBUG_INFORMATION_FORMAT = dwarf;
				ENABLE_STRICT_OBJC_MSGSEND = YES;
				ENABLE_TESTABILITY = YES;
				GCC_C_LANGUAGE_STANDARD = gnu11;
				GCC_DYNAMIC_NO_PIC = NO;
				GCC_NO_COMMON_BLOCKS = YES;
				GCC_OPTIMIZATION_LEVEL = 0;
				GCC_PREPROCESSOR_DEFINITIONS = (
					"DEBUG=1",
					"$(inherited)",
				);
				GCC_WARN_64_TO_32_BIT_CONVERSION = YES;
				GCC_WARN_ABOUT_RETURN_TYPE = YES_ERROR;
				GCC_WARN_UNDECLARED_SELECTOR = YES;
				GCC_WARN_UNINITIALIZED_AUTOS = YES_AGGRESSIVE;
				GCC_WARN_UNUSED_FUNCTION = YES;
				GCC_WARN_UNUSED_VARIABLE = YES;
				IPHONEOS_DEPLOYMENT_TARGET = 16.2;
				MTL_ENABLE_DEBUG_INFO = INCLUDE_SOURCE;
				MTL_FAST_MATH = YES;
				ONLY_ACTIVE_ARCH = YES;
				SDKROOT = iphoneos;
				SWIFT_ACTIVE_COMPILATION_CONDITIONS = DEBUG;
				SWIFT_OPTIMIZATION_LEVEL = "-Onone";
			};
			name = Debug;
		};
		5CF2D9E429696A5B00B2D37A /* Release */ = {
			isa = XCBuildConfiguration;
			buildSettings = {
				ALWAYS_SEARCH_USER_PATHS = NO;
				CLANG_ANALYZER_NONNULL = YES;
				CLANG_ANALYZER_NUMBER_OBJECT_CONVERSION = YES_AGGRESSIVE;
				CLANG_CXX_LANGUAGE_STANDARD = "gnu++20";
				CLANG_ENABLE_MODULES = YES;
				CLANG_ENABLE_OBJC_ARC = YES;
				CLANG_ENABLE_OBJC_WEAK = YES;
				CLANG_WARN_BLOCK_CAPTURE_AUTORELEASING = YES;
				CLANG_WARN_BOOL_CONVERSION = YES;
				CLANG_WARN_COMMA = YES;
				CLANG_WARN_CONSTANT_CONVERSION = YES;
				CLANG_WARN_DEPRECATED_OBJC_IMPLEMENTATIONS = YES;
				CLANG_WARN_DIRECT_OBJC_ISA_USAGE = YES_ERROR;
				CLANG_WARN_DOCUMENTATION_COMMENTS = YES;
				CLANG_WARN_EMPTY_BODY = YES;
				CLANG_WARN_ENUM_CONVERSION = YES;
				CLANG_WARN_INFINITE_RECURSION = YES;
				CLANG_WARN_INT_CONVERSION = YES;
				CLANG_WARN_NON_LITERAL_NULL_CONVERSION = YES;
				CLANG_WARN_OBJC_IMPLICIT_RETAIN_SELF = YES;
				CLANG_WARN_OBJC_LITERAL_CONVERSION = YES;
				CLANG_WARN_OBJC_ROOT_CLASS = YES_ERROR;
				CLANG_WARN_QUOTED_INCLUDE_IN_FRAMEWORK_HEADER = YES;
				CLANG_WARN_RANGE_LOOP_ANALYSIS = YES;
				CLANG_WARN_STRICT_PROTOTYPES = YES;
				CLANG_WARN_SUSPICIOUS_MOVE = YES;
				CLANG_WARN_UNGUARDED_AVAILABILITY = YES_AGGRESSIVE;
				CLANG_WARN_UNREACHABLE_CODE = YES;
				CLANG_WARN__DUPLICATE_METHOD_MATCH = YES;
				COPY_PHASE_STRIP = NO;
				DEBUG_INFORMATION_FORMAT = "dwarf-with-dsym";
				ENABLE_NS_ASSERTIONS = NO;
				ENABLE_STRICT_OBJC_MSGSEND = YES;
				GCC_C_LANGUAGE_STANDARD = gnu11;
				GCC_NO_COMMON_BLOCKS = YES;
				GCC_WARN_64_TO_32_BIT_CONVERSION = YES;
				GCC_WARN_ABOUT_RETURN_TYPE = YES_ERROR;
				GCC_WARN_UNDECLARED_SELECTOR = YES;
				GCC_WARN_UNINITIALIZED_AUTOS = YES_AGGRESSIVE;
				GCC_WARN_UNUSED_FUNCTION = YES;
				GCC_WARN_UNUSED_VARIABLE = YES;
				IPHONEOS_DEPLOYMENT_TARGET = 16.2;
				MTL_ENABLE_DEBUG_INFO = NO;
				MTL_FAST_MATH = YES;
				SDKROOT = iphoneos;
				SWIFT_COMPILATION_MODE = wholemodule;
				SWIFT_OPTIMIZATION_LEVEL = "-O";
				VALIDATE_PRODUCT = YES;
			};
			name = Release;
		};
		5CF2D9E629696A5B00B2D37A /* Debug */ = {
			isa = XCBuildConfiguration;
			buildSettings = {
				ASSETCATALOG_COMPILER_APPICON_NAME = AppIcon;
				ASSETCATALOG_COMPILER_GLOBAL_ACCENT_COLOR_NAME = AccentColor;
				CODE_SIGN_STYLE = Automatic;
				CURRENT_PROJECT_VERSION = 1;
				DEVELOPMENT_TEAM = MXW6UXTYPN;
				GENERATE_INFOPLIST_FILE = YES;
				INFOPLIST_FILE = myDiecePlayGame/Info.plist;
				INFOPLIST_KEY_UIApplicationSupportsIndirectInputEvents = YES;
				INFOPLIST_KEY_UILaunchStoryboardName = LaunchScreen;
				INFOPLIST_KEY_UIMainStoryboardFile = Main;
				INFOPLIST_KEY_UISupportedInterfaceOrientations_iPad = "UIInterfaceOrientationPortrait UIInterfaceOrientationPortraitUpsideDown UIInterfaceOrientationLandscapeLeft UIInterfaceOrientationLandscapeRight";
				INFOPLIST_KEY_UISupportedInterfaceOrientations_iPhone = "UIInterfaceOrientationPortrait UIInterfaceOrientationLandscapeLeft UIInterfaceOrientationLandscapeRight";
				LD_RUNPATH_SEARCH_PATHS = (
					"$(inherited)",
					"@executable_path/Frameworks",
				);
				MARKETING_VERSION = 1.0;
				PRODUCT_BUNDLE_IDENTIFIER = amed.myDiecePlayGame;
				PRODUCT_NAME = "$(TARGET_NAME)";
				SWIFT_EMIT_LOC_STRINGS = YES;
				SWIFT_VERSION = 5.0;
				TARGETED_DEVICE_FAMILY = "1,2";
			};
			name = Debug;
		};
		5CF2D9E729696A5B00B2D37A /* Release */ = {
			isa = XCBuildConfiguration;
			buildSettings = {
				ASSETCATALOG_COMPILER_APPICON_NAME = AppIcon;
				ASSETCATALOG_COMPILER_GLOBAL_ACCENT_COLOR_NAME = AccentColor;
				CODE_SIGN_STYLE = Automatic;
				CURRENT_PROJECT_VERSION = 1;
				DEVELOPMENT_TEAM = MXW6UXTYPN;
				GENERATE_INFOPLIST_FILE = YES;
				INFOPLIST_FILE = myDiecePlayGame/Info.plist;
				INFOPLIST_KEY_UIApplicationSupportsIndirectInputEvents = YES;
				INFOPLIST_KEY_UILaunchStoryboardName = LaunchScreen;
				INFOPLIST_KEY_UIMainStoryboardFile = Main;
				INFOPLIST_KEY_UISupportedInterfaceOrientations_iPad = "UIInterfaceOrientationPortrait UIInterfaceOrientationPortraitUpsideDown UIInterfaceOrientationLandscapeLeft UIInterfaceOrientationLandscapeRight";
				INFOPLIST_KEY_UISupportedInterfaceOrientations_iPhone = "UIInterfaceOrientationPortrait UIInterfaceOrientationLandscapeLeft UIInterfaceOrientationLandscapeRight";
				LD_RUNPATH_SEARCH_PATHS = (
					"$(inherited)",
					"@executable_path/Frameworks",
				);
				MARKETING_VERSION = 1.0;
				PRODUCT_BUNDLE_IDENTIFIER = amed.myDiecePlayGame;
				PRODUCT_NAME = "$(TARGET_NAME)";
				SWIFT_EMIT_LOC_STRINGS = YES;
				SWIFT_VERSION = 5.0;
				TARGETED_DEVICE_FAMILY = "1,2";
			};
			name = Release;
		};
		5CF2D9E929696A5B00B2D37A /* Debug */ = {
			isa = XCBuildConfiguration;
			buildSettings = {
				ALWAYS_EMBED_SWIFT_STANDARD_LIBRARIES = YES;
				BUNDLE_LOADER = "$(TEST_HOST)";
				CODE_SIGN_STYLE = Automatic;
				CURRENT_PROJECT_VERSION = 1;
				DEVELOPMENT_TEAM = MXW6UXTYPN;
				GENERATE_INFOPLIST_FILE = YES;
				IPHONEOS_DEPLOYMENT_TARGET = 16.2;
				MARKETING_VERSION = 1.0;
				PRODUCT_BUNDLE_IDENTIFIER = amed.myDiecePlayGameTests;
				PRODUCT_NAME = "$(TARGET_NAME)";
				SWIFT_EMIT_LOC_STRINGS = NO;
				SWIFT_VERSION = 5.0;
				TARGETED_DEVICE_FAMILY = "1,2";
				TEST_HOST = "$(BUILT_PRODUCTS_DIR)/myDiecePlayGame.app/$(BUNDLE_EXECUTABLE_FOLDER_PATH)/myDiecePlayGame";
			};
			name = Debug;
		};
		5CF2D9EA29696A5B00B2D37A /* Release */ = {
			isa = XCBuildConfiguration;
			buildSettings = {
				ALWAYS_EMBED_SWIFT_STANDARD_LIBRARIES = YES;
				BUNDLE_LOADER = "$(TEST_HOST)";
				CODE_SIGN_STYLE = Automatic;
				CURRENT_PROJECT_VERSION = 1;
				DEVELOPMENT_TEAM = MXW6UXTYPN;
				GENERATE_INFOPLIST_FILE = YES;
				IPHONEOS_DEPLOYMENT_TARGET = 16.2;
				MARKETING_VERSION = 1.0;
				PRODUCT_BUNDLE_IDENTIFIER = amed.myDiecePlayGameTests;
				PRODUCT_NAME = "$(TARGET_NAME)";
				SWIFT_EMIT_LOC_STRINGS = NO;
				SWIFT_VERSION = 5.0;
				TARGETED_DEVICE_FAMILY = "1,2";
				TEST_HOST = "$(BUILT_PRODUCTS_DIR)/myDiecePlayGame.app/$(BUNDLE_EXECUTABLE_FOLDER_PATH)/myDiecePlayGame";
			};
			name = Release;
		};
		5CF2D9EC29696A5B00B2D37A /* Debug */ = {
			isa = XCBuildConfiguration;
			buildSettings = {
				ALWAYS_EMBED_SWIFT_STANDARD_LIBRARIES = YES;
				CODE_SIGN_STYLE = Automatic;
				CURRENT_PROJECT_VERSION = 1;
				DEVELOPMENT_TEAM = MXW6UXTYPN;
				GENERATE_INFOPLIST_FILE = YES;
				MARKETING_VERSION = 1.0;
				PRODUCT_BUNDLE_IDENTIFIER = amed.myDiecePlayGameUITests;
				PRODUCT_NAME = "$(TARGET_NAME)";
				SWIFT_EMIT_LOC_STRINGS = NO;
				SWIFT_VERSION = 5.0;
				TARGETED_DEVICE_FAMILY = "1,2";
				TEST_TARGET_NAME = myDiecePlayGame;
			};
			name = Debug;
		};
		5CF2D9ED29696A5B00B2D37A /* Release */ = {
			isa = XCBuildConfiguration;
			buildSettings = {
				ALWAYS_EMBED_SWIFT_STANDARD_LIBRARIES = YES;
				CODE_SIGN_STYLE = Automatic;
				CURRENT_PROJECT_VERSION = 1;
				DEVELOPMENT_TEAM = MXW6UXTYPN;
				GENERATE_INFOPLIST_FILE = YES;
				MARKETING_VERSION = 1.0;
				PRODUCT_BUNDLE_IDENTIFIER = amed.myDiecePlayGameUITests;
				PRODUCT_NAME = "$(TARGET_NAME)";
				SWIFT_EMIT_LOC_STRINGS = NO;
				SWIFT_VERSION = 5.0;
				TARGETED_DEVICE_FAMILY = "1,2";
				TEST_TARGET_NAME = myDiecePlayGame;
			};
			name = Release;
		};
/* End XCBuildConfiguration section */

/* Begin XCConfigurationList section */
		5CF2D9B629696A5A00B2D37A /* Build configuration list for PBXProject "myDiecePlayGame" */ = {
			isa = XCConfigurationList;
			buildConfigurations = (
				5CF2D9E329696A5B00B2D37A /* Debug */,
				5CF2D9E429696A5B00B2D37A /* Release */,
			);
			defaultConfigurationIsVisible = 0;
			defaultConfigurationName = Release;
		};
		5CF2D9E529696A5B00B2D37A /* Build configuration list for PBXNativeTarget "myDiecePlayGame" */ = {
			isa = XCConfigurationList;
			buildConfigurations = (
				5CF2D9E629696A5B00B2D37A /* Debug */,
				5CF2D9E729696A5B00B2D37A /* Release */,
			);
			defaultConfigurationIsVisible = 0;
			defaultConfigurationName = Release;
		};
		5CF2D9E829696A5B00B2D37A /* Build configuration list for PBXNativeTarget "myDiecePlayGameTests" */ = {
			isa = XCConfigurationList;
			buildConfigurations = (
				5CF2D9E929696A5B00B2D37A /* Debug */,
				5CF2D9EA29696A5B00B2D37A /* Release */,
			);
			defaultConfigurationIsVisible = 0;
			defaultConfigurationName = Release;
		};
		5CF2D9EB29696A5B00B2D37A /* Build configuration list for PBXNativeTarget "myDiecePlayGameUITests" */ = {
			isa = XCConfigurationList;
			buildConfigurations = (
				5CF2D9EC29696A5B00B2D37A /* Debug */,
				5CF2D9ED29696A5B00B2D37A /* Release */,
			);
			defaultConfigurationIsVisible = 0;
			defaultConfigurationName = Release;
		};
/* End XCConfigurationList section */
	};
	rootObject = 5CF2D9B329696A5A00B2D37A /* Project object */;
}
